// !$*UTF8*$!
{
	archiveVersion = 1;
	classes = {
	};
	objectVersion = 56;
	objects = {

/* Begin PBXBuildFile section */
		5282C1DE2B1599A7001A881E /* SwiftUINav.swift in Sources */ = {isa = PBXBuildFile; fileRef = 5282C1DD2B1599A7001A881E /* SwiftUINav.swift */; };
		52B89C462B14EA79005E1817 /* AppDelegate.swift in Sources */ = {isa = PBXBuildFile; fileRef = 52B89C452B14EA79005E1817 /* AppDelegate.swift */; };
		52B89C482B14EA79005E1817 /* SceneDelegate.swift in Sources */ = {isa = PBXBuildFile; fileRef = 52B89C472B14EA79005E1817 /* SceneDelegate.swift */; };
		52B89C4A2B14EA79005E1817 /* ViewController.swift in Sources */ = {isa = PBXBuildFile; fileRef = 52B89C492B14EA79005E1817 /* ViewController.swift */; };
		52B89C4D2B14EA79005E1817 /* Main.storyboard in Resources */ = {isa = PBXBuildFile; fileRef = 52B89C4B2B14EA79005E1817 /* Main.storyboard */; };
		52B89C502B14EA79005E1817 /* CombineUIKitSwiftUI.xcdatamodeld in Sources */ = {isa = PBXBuildFile; fileRef = 52B89C4E2B14EA79005E1817 /* CombineUIKitSwiftUI.xcdatamodeld */; };
		52B89C522B14EA7B005E1817 /* Assets.xcassets in Resources */ = {isa = PBXBuildFile; fileRef = 52B89C512B14EA7B005E1817 /* Assets.xcassets */; };
		52B89C552B14EA7B005E1817 /* LaunchScreen.storyboard in Resources */ = {isa = PBXBuildFile; fileRef = 52B89C532B14EA7B005E1817 /* LaunchScreen.storyboard */; };
		52E010832C4F4C4A00BF9A99 /* SecondVC.swift in Sources */ = {isa = PBXBuildFile; fileRef = 52E010822C4F4C4A00BF9A99 /* SecondVC.swift */; };
		52E010862C4F4C9A00BF9A99 /* Second.swift in Sources */ = {isa = PBXBuildFile; fileRef = 52E010852C4F4C9A00BF9A99 /* Second.swift */; };
		52E010882C4F9E7E00BF9A99 /* GoogleService-Info.plist in Resources */ = {isa = PBXBuildFile; fileRef = 52E010872C4F9E7E00BF9A99 /* GoogleService-Info.plist */; };
		52E010972C4FB9BD00BF9A99 /* FirebaseAnalytics in Frameworks */ = {isa = PBXBuildFile; productRef = 52E010962C4FB9BD00BF9A99 /* FirebaseAnalytics */; };
		52E010992C4FB9BD00BF9A99 /* FirebaseAnalyticsOnDeviceConversion in Frameworks */ = {isa = PBXBuildFile; productRef = 52E010982C4FB9BD00BF9A99 /* FirebaseAnalyticsOnDeviceConversion */; };
		52E0109B2C4FB9BD00BF9A99 /* FirebaseAnalyticsSwift in Frameworks */ = {isa = PBXBuildFile; productRef = 52E0109A2C4FB9BD00BF9A99 /* FirebaseAnalyticsSwift */; };
		52E0109D2C4FB9BD00BF9A99 /* FirebaseAnalyticsWithoutAdIdSupport in Frameworks */ = {isa = PBXBuildFile; productRef = 52E0109C2C4FB9BD00BF9A99 /* FirebaseAnalyticsWithoutAdIdSupport */; };
		52E0109F2C4FB9BD00BF9A99 /* FirebaseAppCheck in Frameworks */ = {isa = PBXBuildFile; productRef = 52E0109E2C4FB9BD00BF9A99 /* FirebaseAppCheck */; };
		BFD5076F2C534AEB00509310 /* HomeCraftVC.swift in Sources */ = {isa = PBXBuildFile; fileRef = BFD5076E2C534AEB00509310 /* HomeCraftVC.swift */; };
		BFD507712C534EB200509310 /* ChairCollectionCell.swift in Sources */ = {isa = PBXBuildFile; fileRef = BFD507702C534EB200509310 /* ChairCollectionCell.swift */; };
		BFD507742C53604E00509310 /* HistoryVC.swift in Sources */ = {isa = PBXBuildFile; fileRef = BFD507732C53604E00509310 /* HistoryVC.swift */; };
/* End PBXBuildFile section */

/* Begin PBXFileReference section */
		5282C1DD2B1599A7001A881E /* SwiftUINav.swift */ = {isa = PBXFileReference; lastKnownFileType = sourcecode.swift; path = SwiftUINav.swift; sourceTree = "<group>"; };
		52B89C422B14EA79005E1817 /* CombineUIKitSwiftUI.app */ = {isa = PBXFileReference; explicitFileType = wrapper.application; includeInIndex = 0; path = CombineUIKitSwiftUI.app; sourceTree = BUILT_PRODUCTS_DIR; };
		52B89C452B14EA79005E1817 /* AppDelegate.swift */ = {isa = PBXFileReference; lastKnownFileType = sourcecode.swift; path = AppDelegate.swift; sourceTree = "<group>"; };
		52B89C472B14EA79005E1817 /* SceneDelegate.swift */ = {isa = PBXFileReference; lastKnownFileType = sourcecode.swift; path = SceneDelegate.swift; sourceTree = "<group>"; };
		52B89C492B14EA79005E1817 /* ViewController.swift */ = {isa = PBXFileReference; lastKnownFileType = sourcecode.swift; path = ViewController.swift; sourceTree = "<group>"; };
		52B89C4C2B14EA79005E1817 /* Base */ = {isa = PBXFileReference; lastKnownFileType = file.storyboard; name = Base; path = Base.lproj/Main.storyboard; sourceTree = "<group>"; };
		52B89C4F2B14EA79005E1817 /* CombineUIKitSwiftUI.xcdatamodel */ = {isa = PBXFileReference; lastKnownFileType = wrapper.xcdatamodel; path = CombineUIKitSwiftUI.xcdatamodel; sourceTree = "<group>"; };
		52B89C512B14EA7B005E1817 /* Assets.xcassets */ = {isa = PBXFileReference; lastKnownFileType = folder.assetcatalog; path = Assets.xcassets; sourceTree = "<group>"; };
		52B89C542B14EA7B005E1817 /* Base */ = {isa = PBXFileReference; lastKnownFileType = file.storyboard; name = Base; path = Base.lproj/LaunchScreen.storyboard; sourceTree = "<group>"; };
		52B89C562B14EA7B005E1817 /* Info.plist */ = {isa = PBXFileReference; lastKnownFileType = text.plist.xml; path = Info.plist; sourceTree = "<group>"; };
		52E010822C4F4C4A00BF9A99 /* SecondVC.swift */ = {isa = PBXFileReference; lastKnownFileType = sourcecode.swift; path = SecondVC.swift; sourceTree = "<group>"; };
		52E010852C4F4C9A00BF9A99 /* Second.swift */ = {isa = PBXFileReference; lastKnownFileType = sourcecode.swift; path = Second.swift; sourceTree = "<group>"; };
		52E010872C4F9E7E00BF9A99 /* GoogleService-Info.plist */ = {isa = PBXFileReference; fileEncoding = 4; lastKnownFileType = text.plist.xml; path = "GoogleService-Info.plist"; sourceTree = "<group>"; };
		BFD5076E2C534AEB00509310 /* HomeCraftVC.swift */ = {isa = PBXFileReference; lastKnownFileType = sourcecode.swift; path = HomeCraftVC.swift; sourceTree = "<group>"; };
		BFD507702C534EB200509310 /* ChairCollectionCell.swift */ = {isa = PBXFileReference; lastKnownFileType = sourcecode.swift; path = ChairCollectionCell.swift; sourceTree = "<group>"; };
		BFD507732C53604E00509310 /* HistoryVC.swift */ = {isa = PBXFileReference; lastKnownFileType = sourcecode.swift; path = HistoryVC.swift; sourceTree = "<group>"; };
/* End PBXFileReference section */

/* Begin PBXFrameworksBuildPhase section */
		52B89C3F2B14EA79005E1817 /* Frameworks */ = {
			isa = PBXFrameworksBuildPhase;
			buildActionMask = 2147483647;
			files = (
				52E0109B2C4FB9BD00BF9A99 /* FirebaseAnalyticsSwift in Frameworks */,
				52E010972C4FB9BD00BF9A99 /* FirebaseAnalytics in Frameworks */,
				52E010992C4FB9BD00BF9A99 /* FirebaseAnalyticsOnDeviceConversion in Frameworks */,
				52E0109F2C4FB9BD00BF9A99 /* FirebaseAppCheck in Frameworks */,
				52E0109D2C4FB9BD00BF9A99 /* FirebaseAnalyticsWithoutAdIdSupport in Frameworks */,
			);
			runOnlyForDeploymentPostprocessing = 0;
		};
/* End PBXFrameworksBuildPhase section */

/* Begin PBXGroup section */
		5282C1DC2B159985001A881E /* SwiftUI */ = {
			isa = PBXGroup;
			children = (
				5282C1DD2B1599A7001A881E /* SwiftUINav.swift */,
			);
			path = SwiftUI;
			sourceTree = "<group>";
		};
		52B89C392B14EA79005E1817 = {
			isa = PBXGroup;
			children = (
				52B89C442B14EA79005E1817 /* CombineUIKitSwiftUI */,
				52B89C432B14EA79005E1817 /* Products */,
			);
			sourceTree = "<group>";
		};
		52B89C432B14EA79005E1817 /* Products */ = {
			isa = PBXGroup;
			children = (
				52B89C422B14EA79005E1817 /* CombineUIKitSwiftUI.app */,
			);
			name = Products;
			sourceTree = "<group>";
		};
		52B89C442B14EA79005E1817 /* CombineUIKitSwiftUI */ = {
			isa = PBXGroup;
			children = (
				BFD5076D2C534AC600509310 /* Design UIKit */,
				52E010872C4F9E7E00BF9A99 /* GoogleService-Info.plist */,
				52E010842C4F4C8C00BF9A99 /* Model */,
				52E010812C4F4C3300BF9A99 /* SecondVC */,
				5282C1DC2B159985001A881E /* SwiftUI */,
				52B89C452B14EA79005E1817 /* AppDelegate.swift */,
				52B89C472B14EA79005E1817 /* SceneDelegate.swift */,
				52B89C492B14EA79005E1817 /* ViewController.swift */,
				52B89C4B2B14EA79005E1817 /* Main.storyboard */,
				52B89C512B14EA7B005E1817 /* Assets.xcassets */,
				52B89C532B14EA7B005E1817 /* LaunchScreen.storyboard */,
				52B89C562B14EA7B005E1817 /* Info.plist */,
				52B89C4E2B14EA79005E1817 /* CombineUIKitSwiftUI.xcdatamodeld */,
			);
			path = CombineUIKitSwiftUI;
			sourceTree = "<group>";
		};
		52E010812C4F4C3300BF9A99 /* SecondVC */ = {
			isa = PBXGroup;
			children = (
				52E010822C4F4C4A00BF9A99 /* SecondVC.swift */,
			);
			path = SecondVC;
			sourceTree = "<group>";
		};
		52E010842C4F4C8C00BF9A99 /* Model */ = {
			isa = PBXGroup;
			children = (
				52E010852C4F4C9A00BF9A99 /* Second.swift */,
			);
			path = Model;
			sourceTree = "<group>";
		};
		BFD5076D2C534AC600509310 /* Design UIKit */ = {
			isa = PBXGroup;
			children = (
				BFD507722C53602C00509310 /* HisBizplayUI */,
				BFD5076E2C534AEB00509310 /* HomeCraftVC.swift */,
				BFD507702C534EB200509310 /* ChairCollectionCell.swift */,
			);
			path = "Design UIKit";
			sourceTree = "<group>";
		};
		BFD507722C53602C00509310 /* HisBizplayUI */ = {
			isa = PBXGroup;
			children = (
				BFD507732C53604E00509310 /* HistoryVC.swift */,
			);
			path = HisBizplayUI;
			sourceTree = "<group>";
		};
/* End PBXGroup section */

/* Begin PBXNativeTarget section */
		52B89C412B14EA79005E1817 /* CombineUIKitSwiftUI */ = {
			isa = PBXNativeTarget;
			buildConfigurationList = 52B89C592B14EA7B005E1817 /* Build configuration list for PBXNativeTarget "CombineUIKitSwiftUI" */;
			buildPhases = (
				52B89C3E2B14EA79005E1817 /* Sources */,
				52B89C3F2B14EA79005E1817 /* Frameworks */,
				52B89C402B14EA79005E1817 /* Resources */,
				52E010942C4FB37B00BF9A99 /* ShellScript */,
			);
			buildRules = (
			);
			dependencies = (
			);
			name = CombineUIKitSwiftUI;
			packageProductDependencies = (
				52E010962C4FB9BD00BF9A99 /* FirebaseAnalytics */,
				52E010982C4FB9BD00BF9A99 /* FirebaseAnalyticsOnDeviceConversion */,
				52E0109A2C4FB9BD00BF9A99 /* FirebaseAnalyticsSwift */,
				52E0109C2C4FB9BD00BF9A99 /* FirebaseAnalyticsWithoutAdIdSupport */,
				52E0109E2C4FB9BD00BF9A99 /* FirebaseAppCheck */,
			);
			productName = CombineUIKitSwiftUI;
			productReference = 52B89C422B14EA79005E1817 /* CombineUIKitSwiftUI.app */;
			productType = "com.apple.product-type.application";
		};
/* End PBXNativeTarget section */

/* Begin PBXProject section */
		52B89C3A2B14EA79005E1817 /* Project object */ = {
			isa = PBXProject;
			attributes = {
				BuildIndependentTargetsInParallel = 1;
				LastSwiftUpdateCheck = 1500;
				LastUpgradeCheck = 1500;
				TargetAttributes = {
					52B89C412B14EA79005E1817 = {
						CreatedOnToolsVersion = 15.0.1;
					};
				};
			};
			buildConfigurationList = 52B89C3D2B14EA79005E1817 /* Build configuration list for PBXProject "CombineUIKitSwiftUI" */;
			compatibilityVersion = "Xcode 14.0";
			developmentRegion = en;
			hasScannedForEncodings = 0;
			knownRegions = (
				en,
				Base,
			);
			mainGroup = 52B89C392B14EA79005E1817;
			packageReferences = (
				52E010952C4FB9BD00BF9A99 /* XCRemoteSwiftPackageReference "firebase-ios-sdk" */,
			);
			productRefGroup = 52B89C432B14EA79005E1817 /* Products */;
			projectDirPath = "";
			projectRoot = "";
			targets = (
				52B89C412B14EA79005E1817 /* CombineUIKitSwiftUI */,
			);
		};
/* End PBXProject section */

/* Begin PBXResourcesBuildPhase section */
		52B89C402B14EA79005E1817 /* Resources */ = {
			isa = PBXResourcesBuildPhase;
			buildActionMask = 2147483647;
			files = (
				52B89C552B14EA7B005E1817 /* LaunchScreen.storyboard in Resources */,
				52E010882C4F9E7E00BF9A99 /* GoogleService-Info.plist in Resources */,
				52B89C522B14EA7B005E1817 /* Assets.xcassets in Resources */,
				52B89C4D2B14EA79005E1817 /* Main.storyboard in Resources */,
			);
			runOnlyForDeploymentPostprocessing = 0;
		};
/* End PBXResourcesBuildPhase section */

/* Begin PBXShellScriptBuildPhase section */
		52E010942C4FB37B00BF9A99 /* ShellScript */ = {
			isa = PBXShellScriptBuildPhase;
			buildActionMask = 2147483647;
			files = (
			);
			inputFileListPaths = (
			);
			inputPaths = (
				"${DWARF_DSYM_FOLDER_PATH}/${DWARF_DSYM_FILE_NAME}",
				"${DWARF_DSYM_FOLDER_PATH}/${DWARF_DSYM_FILE_NAME}/Contents/Resources/DWARF/${PRODUCT_NAME}",
				"${DWARF_DSYM_FOLDER_PATH}/${DWARF_DSYM_FILE_NAME}/Contents/Info.plist",
				"$(TARGET_BUILD_DIR)/$(UNLOCALIZED_RESOURCES_FOLDER_PATH)/GoogleService-Info.plist",
				"$(TARGET_BUILD_DIR)/$(EXECUTABLE_PATH)",
			);
			outputFileListPaths = (
			);
			outputPaths = (
			);
			runOnlyForDeploymentPostprocessing = 0;
			shellPath = /bin/sh;
			shellScript = "\"${BUILD_DIR%/Build/*}/SourcePackages/checkouts/firebase-ios-sdk/Crashlytics/run\"\n";
		};
/* End PBXShellScriptBuildPhase section */

/* Begin PBXSourcesBuildPhase section */
		52B89C3E2B14EA79005E1817 /* Sources */ = {
			isa = PBXSourcesBuildPhase;
			buildActionMask = 2147483647;
			files = (
				52B89C502B14EA79005E1817 /* CombineUIKitSwiftUI.xcdatamodeld in Sources */,
				BFD507742C53604E00509310 /* HistoryVC.swift in Sources */,
				52B89C4A2B14EA79005E1817 /* ViewController.swift in Sources */,
				52E010862C4F4C9A00BF9A99 /* Second.swift in Sources */,
				52B89C462B14EA79005E1817 /* AppDelegate.swift in Sources */,
				BFD507712C534EB200509310 /* ChairCollectionCell.swift in Sources */,
				5282C1DE2B1599A7001A881E /* SwiftUINav.swift in Sources */,
				52E010832C4F4C4A00BF9A99 /* SecondVC.swift in Sources */,
				BFD5076F2C534AEB00509310 /* HomeCraftVC.swift in Sources */,
				52B89C482B14EA79005E1817 /* SceneDelegate.swift in Sources */,
			);
			runOnlyForDeploymentPostprocessing = 0;
		};
/* End PBXSourcesBuildPhase section */

/* Begin PBXVariantGroup section */
		52B89C4B2B14EA79005E1817 /* Main.storyboard */ = {
			isa = PBXVariantGroup;
			children = (
				52B89C4C2B14EA79005E1817 /* Base */,
			);
			name = Main.storyboard;
			sourceTree = "<group>";
		};
		52B89C532B14EA7B005E1817 /* LaunchScreen.storyboard */ = {
			isa = PBXVariantGroup;
			children = (
				52B89C542B14EA7B005E1817 /* Base */,
			);
			name = LaunchScreen.storyboard;
			sourceTree = "<group>";
		};
/* End PBXVariantGroup section */

/* Begin XCBuildConfiguration section */
		52B89C572B14EA7B005E1817 /* Debug */ = {
			isa = XCBuildConfiguration;
			buildSettings = {
				ALWAYS_SEARCH_USER_PATHS = NO;
				ASSETCATALOG_COMPILER_GENERATE_SWIFT_ASSET_SYMBOL_EXTENSIONS = YES;
				CLANG_ANALYZER_NONNULL = YES;
				CLANG_ANALYZER_NUMBER_OBJECT_CONVERSION = YES_AGGRESSIVE;
				CLANG_CXX_LANGUAGE_STANDARD = "gnu++20";
				CLANG_ENABLE_MODULES = YES;
				CLANG_ENABLE_OBJC_ARC = YES;
				CLANG_ENABLE_OBJC_WEAK = YES;
				CLANG_WARN_BLOCK_CAPTURE_AUTORELEASING = YES;
				CLANG_WARN_BOOL_CONVERSION = YES;
				CLANG_WARN_COMMA = YES;
				CLANG_WARN_CONSTANT_CONVERSION = YES;
				CLANG_WARN_DEPRECATED_OBJC_IMPLEMENTATIONS = YES;
				CLANG_WARN_DIRECT_OBJC_ISA_USAGE = YES_ERROR;
				CLANG_WARN_DOCUMENTATION_COMMENTS = YES;
				CLANG_WARN_EMPTY_BODY = YES;
				CLANG_WARN_ENUM_CONVERSION = YES;
				CLANG_WARN_INFINITE_RECURSION = YES;
				CLANG_WARN_INT_CONVERSION = YES;
				CLANG_WARN_NON_LITERAL_NULL_CONVERSION = YES;
				CLANG_WARN_OBJC_IMPLICIT_RETAIN_SELF = YES;
				CLANG_WARN_OBJC_LITERAL_CONVERSION = YES;
				CLANG_WARN_OBJC_ROOT_CLASS = YES_ERROR;
				CLANG_WARN_QUOTED_INCLUDE_IN_FRAMEWORK_HEADER = YES;
				CLANG_WARN_RANGE_LOOP_ANALYSIS = YES;
				CLANG_WARN_STRICT_PROTOTYPES = YES;
				CLANG_WARN_SUSPICIOUS_MOVE = YES;
				CLANG_WARN_UNGUARDED_AVAILABILITY = YES_AGGRESSIVE;
				CLANG_WARN_UNREACHABLE_CODE = YES;
				CLANG_WARN__DUPLICATE_METHOD_MATCH = YES;
				COPY_PHASE_STRIP = NO;
				DEBUG_INFORMATION_FORMAT = dwarf;
				ENABLE_STRICT_OBJC_MSGSEND = YES;
				ENABLE_TESTABILITY = YES;
				ENABLE_USER_SCRIPT_SANDBOXING = YES;
				GCC_C_LANGUAGE_STANDARD = gnu17;
				GCC_DYNAMIC_NO_PIC = NO;
				GCC_NO_COMMON_BLOCKS = YES;
				GCC_OPTIMIZATION_LEVEL = 0;
				GCC_PREPROCESSOR_DEFINITIONS = (
					"DEBUG=1",
					"$(inherited)",
				);
				GCC_WARN_64_TO_32_BIT_CONVERSION = YES;
				GCC_WARN_ABOUT_RETURN_TYPE = YES_ERROR;
				GCC_WARN_UNDECLARED_SELECTOR = YES;
				GCC_WARN_UNINITIALIZED_AUTOS = YES_AGGRESSIVE;
				GCC_WARN_UNUSED_FUNCTION = YES;
				GCC_WARN_UNUSED_VARIABLE = YES;
				IPHONEOS_DEPLOYMENT_TARGET = 13.0;
				LOCALIZATION_PREFERS_STRING_CATALOGS = YES;
				MTL_ENABLE_DEBUG_INFO = INCLUDE_SOURCE;
				MTL_FAST_MATH = YES;
				ONLY_ACTIVE_ARCH = YES;
				SDKROOT = iphoneos;
				SWIFT_ACTIVE_COMPILATION_CONDITIONS = "DEBUG $(inherited)";
				SWIFT_OPTIMIZATION_LEVEL = "-Onone";
			};
			name = Debug;
		};
		52B89C582B14EA7B005E1817 /* Release */ = {
			isa = XCBuildConfiguration;
			buildSettings = {
				ALWAYS_SEARCH_USER_PATHS = NO;
				ASSETCATALOG_COMPILER_GENERATE_SWIFT_ASSET_SYMBOL_EXTENSIONS = YES;
				CLANG_ANALYZER_NONNULL = YES;
				CLANG_ANALYZER_NUMBER_OBJECT_CONVERSION = YES_AGGRESSIVE;
				CLANG_CXX_LANGUAGE_STANDARD = "gnu++20";
				CLANG_ENABLE_MODULES = YES;
				CLANG_ENABLE_OBJC_ARC = YES;
				CLANG_ENABLE_OBJC_WEAK = YES;
				CLANG_WARN_BLOCK_CAPTURE_AUTORELEASING = YES;
				CLANG_WARN_BOOL_CONVERSION = YES;
				CLANG_WARN_COMMA = YES;
				CLANG_WARN_CONSTANT_CONVERSION = YES;
				CLANG_WARN_DEPRECATED_OBJC_IMPLEMENTATIONS = YES;
				CLANG_WARN_DIRECT_OBJC_ISA_USAGE = YES_ERROR;
				CLANG_WARN_DOCUMENTATION_COMMENTS = YES;
				CLANG_WARN_EMPTY_BODY = YES;
				CLANG_WARN_ENUM_CONVERSION = YES;
				CLANG_WARN_INFINITE_RECURSION = YES;
				CLANG_WARN_INT_CONVERSION = YES;
				CLANG_WARN_NON_LITERAL_NULL_CONVERSION = YES;
				CLANG_WARN_OBJC_IMPLICIT_RETAIN_SELF = YES;
				CLANG_WARN_OBJC_LITERAL_CONVERSION = YES;
				CLANG_WARN_OBJC_ROOT_CLASS = YES_ERROR;
				CLANG_WARN_QUOTED_INCLUDE_IN_FRAMEWORK_HEADER = YES;
				CLANG_WARN_RANGE_LOOP_ANALYSIS = YES;
				CLANG_WARN_STRICT_PROTOTYPES = YES;
				CLANG_WARN_SUSPICIOUS_MOVE = YES;
				CLANG_WARN_UNGUARDED_AVAILABILITY = YES_AGGRESSIVE;
				CLANG_WARN_UNREACHABLE_CODE = YES;
				CLANG_WARN__DUPLICATE_METHOD_MATCH = YES;
				COPY_PHASE_STRIP = NO;
				DEBUG_INFORMATION_FORMAT = "dwarf-with-dsym";
				ENABLE_NS_ASSERTIONS = NO;
				ENABLE_STRICT_OBJC_MSGSEND = YES;
				ENABLE_USER_SCRIPT_SANDBOXING = YES;
				GCC_C_LANGUAGE_STANDARD = gnu17;
				GCC_NO_COMMON_BLOCKS = YES;
				GCC_WARN_64_TO_32_BIT_CONVERSION = YES;
				GCC_WARN_ABOUT_RETURN_TYPE = YES_ERROR;
				GCC_WARN_UNDECLARED_SELECTOR = YES;
				GCC_WARN_UNINITIALIZED_AUTOS = YES_AGGRESSIVE;
				GCC_WARN_UNUSED_FUNCTION = YES;
				GCC_WARN_UNUSED_VARIABLE = YES;
				IPHONEOS_DEPLOYMENT_TARGET = 13.0;
				LOCALIZATION_PREFERS_STRING_CATALOGS = YES;
				MTL_ENABLE_DEBUG_INFO = NO;
				MTL_FAST_MATH = YES;
				SDKROOT = iphoneos;
				SWIFT_COMPILATION_MODE = wholemodule;
				VALIDATE_PRODUCT = YES;
			};
			name = Release;
		};
		52B89C5A2B14EA7B005E1817 /* Debug */ = {
			isa = XCBuildConfiguration;
			buildSettings = {
				ASSETCATALOG_COMPILER_APPICON_NAME = AppIcon;
				ASSETCATALOG_COMPILER_GLOBAL_ACCENT_COLOR_NAME = AccentColor;
				CODE_SIGN_STYLE = Automatic;
				CURRENT_PROJECT_VERSION = 1;
				DEBUG_INFORMATION_FORMAT = "dwarf-with-dsym";
				DEVELOPMENT_TEAM = 8J7X8FNBGH;
				GENERATE_INFOPLIST_FILE = YES;
				INFOPLIST_FILE = CombineUIKitSwiftUI/Info.plist;
				INFOPLIST_KEY_UIApplicationSupportsIndirectInputEvents = YES;
				INFOPLIST_KEY_UILaunchStoryboardName = LaunchScreen;
				INFOPLIST_KEY_UIMainStoryboardFile = Main;
				INFOPLIST_KEY_UISupportedInterfaceOrientations_iPad = "UIInterfaceOrientationPortrait UIInterfaceOrientationPortraitUpsideDown UIInterfaceOrientationLandscapeLeft UIInterfaceOrientationLandscapeRight";
				INFOPLIST_KEY_UISupportedInterfaceOrientations_iPhone = "UIInterfaceOrientationPortrait UIInterfaceOrientationLandscapeLeft UIInterfaceOrientationLandscapeRight";
				IPHONEOS_DEPLOYMENT_TARGET = 13.0;
				LD_RUNPATH_SEARCH_PATHS = (
					"$(inherited)",
					"@executable_path/Frameworks",
				);
				MARKETING_VERSION = 1.0;
				PRODUCT_BUNDLE_IDENTIFIER = com.yuthfight.CombineUIKitSwiftUI;
				PRODUCT_NAME = "$(TARGET_NAME)";
				SWIFT_EMIT_LOC_STRINGS = YES;
				SWIFT_VERSION = 5.0;
				TARGETED_DEVICE_FAMILY = "1,2";
			};
			name = Debug;
		};
		52B89C5B2B14EA7B005E1817 /* Release */ = {
			isa = XCBuildConfiguration;
			buildSettings = {
				ASSETCATALOG_COMPILER_APPICON_NAME = AppIcon;
				ASSETCATALOG_COMPILER_GLOBAL_ACCENT_COLOR_NAME = AccentColor;
				CODE_SIGN_STYLE = Automatic;
				CURRENT_PROJECT_VERSION = 1;
				DEBUG_INFORMATION_FORMAT = "dwarf-with-dsym";
				DEVELOPMENT_TEAM = 8J7X8FNBGH;
				GENERATE_INFOPLIST_FILE = YES;
				INFOPLIST_FILE = CombineUIKitSwiftUI/Info.plist;
				INFOPLIST_KEY_UIApplicationSupportsIndirectInputEvents = YES;
				INFOPLIST_KEY_UILaunchStoryboardName = LaunchScreen;
				INFOPLIST_KEY_UIMainStoryboardFile = Main;
				INFOPLIST_KEY_UISupportedInterfaceOrientations_iPad = "UIInterfaceOrientationPortrait UIInterfaceOrientationPortraitUpsideDown UIInterfaceOrientationLandscapeLeft UIInterfaceOrientationLandscapeRight";
				INFOPLIST_KEY_UISupportedInterfaceOrientations_iPhone = "UIInterfaceOrientationPortrait UIInterfaceOrientationLandscapeLeft UIInterfaceOrientationLandscapeRight";
				IPHONEOS_DEPLOYMENT_TARGET = 13.0;
				LD_RUNPATH_SEARCH_PATHS = (
					"$(inherited)",
					"@executable_path/Frameworks",
				);
				MARKETING_VERSION = 1.0;
				PRODUCT_BUNDLE_IDENTIFIER = com.yuthfight.CombineUIKitSwiftUI;
				PRODUCT_NAME = "$(TARGET_NAME)";
				SWIFT_EMIT_LOC_STRINGS = YES;
				SWIFT_VERSION = 5.0;
				TARGETED_DEVICE_FAMILY = "1,2";
			};
			name = Release;
		};
/* End XCBuildConfiguration section */

/* Begin XCConfigurationList section */
		52B89C3D2B14EA79005E1817 /* Build configuration list for PBXProject "CombineUIKitSwiftUI" */ = {
			isa = XCConfigurationList;
			buildConfigurations = (
				52B89C572B14EA7B005E1817 /* Debug */,
				52B89C582B14EA7B005E1817 /* Release */,
			);
			defaultConfigurationIsVisible = 0;
			defaultConfigurationName = Release;
		};
		52B89C592B14EA7B005E1817 /* Build configuration list for PBXNativeTarget "CombineUIKitSwiftUI" */ = {
			isa = XCConfigurationList;
			buildConfigurations = (
				52B89C5A2B14EA7B005E1817 /* Debug */,
				52B89C5B2B14EA7B005E1817 /* Release */,
			);
			defaultConfigurationIsVisible = 0;
			defaultConfigurationName = Release;
		};
/* End XCConfigurationList section */

/* Begin XCRemoteSwiftPackageReference section */
		52E010952C4FB9BD00BF9A99 /* XCRemoteSwiftPackageReference "firebase-ios-sdk" */ = {
			isa = XCRemoteSwiftPackageReference;
			repositoryURL = "https://github.com/firebase/firebase-ios-sdk";
			requirement = {
				kind = upToNextMajorVersion;
				minimumVersion = 10.29.0;
			};
		};
/* End XCRemoteSwiftPackageReference section */

/* Begin XCSwiftPackageProductDependency section */
		52E010962C4FB9BD00BF9A99 /* FirebaseAnalytics */ = {
			isa = XCSwiftPackageProductDependency;
			package = 52E010952C4FB9BD00BF9A99 /* XCRemoteSwiftPackageReference "firebase-ios-sdk" */;
			productName = FirebaseAnalytics;
		};
		52E010982C4FB9BD00BF9A99 /* FirebaseAnalyticsOnDeviceConversion */ = {
			isa = XCSwiftPackageProductDependency;
			package = 52E010952C4FB9BD00BF9A99 /* XCRemoteSwiftPackageReference "firebase-ios-sdk" */;
			productName = FirebaseAnalyticsOnDeviceConversion;
		};
		52E0109A2C4FB9BD00BF9A99 /* FirebaseAnalyticsSwift */ = {
			isa = XCSwiftPackageProductDependency;
			package = 52E010952C4FB9BD00BF9A99 /* XCRemoteSwiftPackageReference "firebase-ios-sdk" */;
			productName = FirebaseAnalyticsSwift;
		};
		52E0109C2C4FB9BD00BF9A99 /* FirebaseAnalyticsWithoutAdIdSupport */ = {
			isa = XCSwiftPackageProductDependency;
			package = 52E010952C4FB9BD00BF9A99 /* XCRemoteSwiftPackageReference "firebase-ios-sdk" */;
			productName = FirebaseAnalyticsWithoutAdIdSupport;
		};
		52E0109E2C4FB9BD00BF9A99 /* FirebaseAppCheck */ = {
			isa = XCSwiftPackageProductDependency;
			package = 52E010952C4FB9BD00BF9A99 /* XCRemoteSwiftPackageReference "firebase-ios-sdk" */;
			productName = FirebaseAppCheck;
		};
/* End XCSwiftPackageProductDependency section */

/* Begin XCVersionGroup section */
		52B89C4E2B14EA79005E1817 /* CombineUIKitSwiftUI.xcdatamodeld */ = {
			isa = XCVersionGroup;
			children = (
				52B89C4F2B14EA79005E1817 /* CombineUIKitSwiftUI.xcdatamodel */,
			);
			currentVersion = 52B89C4F2B14EA79005E1817 /* CombineUIKitSwiftUI.xcdatamodel */;
			path = CombineUIKitSwiftUI.xcdatamodeld;
			sourceTree = "<group>";
			versionGroupType = wrapper.xcdatamodel;
		};
/* End XCVersionGroup section */
	};
	rootObject = 52B89C3A2B14EA79005E1817 /* Project object */;
}
